
Microsoft Visual Studio Solution File, Format Version 12.00
# Visual Studio Version 16
VisualStudioVersion = 16.0.31729.503
MinimumVisualStudioVersion = 10.0.40219.1
Project("{FAE04EC0-301F-11D3-BF4B-00C04F79EFBC}") = "DesafioCsharp_CeADevs", "DesafioCsharp_CeADevs\DesafioCsharp_CeADevs.csproj", "{5701AD63-E99F-4DB9-93A2-A879E1070733}"
EndProject
Global
	GlobalSection(SolutionConfigurationPlatforms) = preSolution
		Debug|Any CPU = Debug|Any CPU
		Release|Any CPU = Release|Any CPU
	EndGlobalSection
	GlobalSection(ProjectConfigurationPlatforms) = postSolution
		{5701AD63-E99F-4DB9-93A2-A879E1070733}.Debug|Any CPU.ActiveCfg = Debug|Any CPU
		{5701AD63-E99F-4DB9-93A2-A879E1070733}.Debug|Any CPU.Build.0 = Debug|Any CPU
		{5701AD63-E99F-4DB9-93A2-A879E1070733}.Release|Any CPU.ActiveCfg = Release|Any CPU
		{5701AD63-E99F-4DB9-93A2-A879E1070733}.Release|Any CPU.Build.0 = Release|Any CPU
	EndGlobalSection
	GlobalSection(SolutionProperties) = preSolution
		HideSolutionNode = FALSE
	EndGlobalSection
	GlobalSection(ExtensibilityGlobals) = postSolution
		SolutionGuid = {752B25F0-6824-4C56-9E60-FB024CEB148D}
	EndGlobalSection
EndGlobal
